
Microsoft Visual Studio Solution File, Format Version 12.00
# Visual Studio Version 17
VisualStudioVersion = 17.6.33815.320
MinimumVisualStudioVersion = 10.0.40219.1
Project("{FAE04EC0-301F-11D3-BF4B-00C04F79EFBC}") = "WGO_MNE.Web", "WGO_MNE.Web\WGO_MNE.Web.csproj", "{0B772E5F-8F02-4B1A-9A9E-AE11B841F43C}"
EndProject
Global
	GlobalSection(SolutionConfigurationPlatforms) = preSolution
		Debug|Any CPU = Debug|Any CPU
		Release|Any CPU = Release|Any CPU
	EndGlobalSection
	GlobalSection(ProjectConfigurationPlatforms) = postSolution
		{0B772E5F-8F02-4B1A-9A9E-AE11B841F43C}.Debug|Any CPU.ActiveCfg = Debug|Any CPU
		{0B772E5F-8F02-4B1A-9A9E-AE11B841F43C}.Debug|Any CPU.Build.0 = Debug|Any CPU
		{0B772E5F-8F02-4B1A-9A9E-AE11B841F43C}.Release|Any CPU.ActiveCfg = Release|Any CPU
		{0B772E5F-8F02-4B1A-9A9E-AE11B841F43C}.Release|Any CPU.Build.0 = Release|Any CPU
	EndGlobalSection
	GlobalSection(SolutionProperties) = preSolution
		HideSolutionNode = FALSE
	EndGlobalSection
	GlobalSection(ExtensibilityGlobals) = postSolution
		SolutionGuid = {57D488CA-0582-41E0-8BEE-D319F630C02D}
	EndGlobalSection
EndGlobal
