
Microsoft Visual Studio Solution File, Format Version 12.00
# Visual Studio Version 17
VisualStudioVersion = 17.6.33815.320
MinimumVisualStudioVersion = 10.0.40219.1
Project("{9A19103F-16F7-4668-BE54-9A1E7A4F7556}") = "WGO_MNE.Web", "WGO_MNE.Web\WGO_MNE.Web.csproj", "{0B772E5F-8F02-4B1A-9A9E-AE11B841F43C}"
EndProject
Project("{9A19103F-16F7-4668-BE54-9A1E7A4F7556}") = "WGO_MNE.Logic", "WGO_MNE.Logic\WGO_MNE.Logic.csproj", "{A6DAF629-06E3-423A-A10F-6A0DFD5446E9}"
EndProject
Project("{9A19103F-16F7-4668-BE54-9A1E7A4F7556}") = "WGO_MNE.Data", "WGO_MNE.Data\WGO_MNE.Data.csproj", "{42D1EE03-FFA3-4624-A8E7-59B853C49986}"
EndProject
Project("{FAE04EC0-301F-11D3-BF4B-00C04F79EFBC}") = "Documentation", "Documentation\Documentation.csproj", "{BDE99C36-5965-46A5-91C2-844472386FA2}"
EndProject
Global
	GlobalSection(SolutionConfigurationPlatforms) = preSolution
		Debug|Any CPU = Debug|Any CPU
		Release|Any CPU = Release|Any CPU
	EndGlobalSection
	GlobalSection(ProjectConfigurationPlatforms) = postSolution
		{0B772E5F-8F02-4B1A-9A9E-AE11B841F43C}.Debug|Any CPU.ActiveCfg = Debug|Any CPU
		{0B772E5F-8F02-4B1A-9A9E-AE11B841F43C}.Debug|Any CPU.Build.0 = Debug|Any CPU
		{0B772E5F-8F02-4B1A-9A9E-AE11B841F43C}.Release|Any CPU.ActiveCfg = Release|Any CPU
		{0B772E5F-8F02-4B1A-9A9E-AE11B841F43C}.Release|Any CPU.Build.0 = Release|Any CPU
		{A6DAF629-06E3-423A-A10F-6A0DFD5446E9}.Debug|Any CPU.ActiveCfg = Debug|Any CPU
		{A6DAF629-06E3-423A-A10F-6A0DFD5446E9}.Debug|Any CPU.Build.0 = Debug|Any CPU
		{A6DAF629-06E3-423A-A10F-6A0DFD5446E9}.Release|Any CPU.ActiveCfg = Release|Any CPU
		{A6DAF629-06E3-423A-A10F-6A0DFD5446E9}.Release|Any CPU.Build.0 = Release|Any CPU
		{42D1EE03-FFA3-4624-A8E7-59B853C49986}.Debug|Any CPU.ActiveCfg = Debug|Any CPU
		{42D1EE03-FFA3-4624-A8E7-59B853C49986}.Debug|Any CPU.Build.0 = Debug|Any CPU
		{42D1EE03-FFA3-4624-A8E7-59B853C49986}.Release|Any CPU.ActiveCfg = Release|Any CPU
		{42D1EE03-FFA3-4624-A8E7-59B853C49986}.Release|Any CPU.Build.0 = Release|Any CPU
		{BDE99C36-5965-46A5-91C2-844472386FA2}.Debug|Any CPU.ActiveCfg = Debug|Any CPU
		{BDE99C36-5965-46A5-91C2-844472386FA2}.Debug|Any CPU.Build.0 = Debug|Any CPU
		{BDE99C36-5965-46A5-91C2-844472386FA2}.Release|Any CPU.ActiveCfg = Release|Any CPU
		{BDE99C36-5965-46A5-91C2-844472386FA2}.Release|Any CPU.Build.0 = Release|Any CPU
	EndGlobalSection
	GlobalSection(SolutionProperties) = preSolution
		HideSolutionNode = FALSE
	EndGlobalSection
	GlobalSection(ExtensibilityGlobals) = postSolution
		SolutionGuid = {57D488CA-0582-41E0-8BEE-D319F630C02D}
	EndGlobalSection
EndGlobal
